{
  "nodes": {
    "htnl": {
      "flake": false,
      "locked": {
        "lastModified": 1777453401,
        "narHash": "sha256-4jqJPl0ss980DoWvoEfVK009kXv61eVaDMwfF0mCYLs=",
        "owner": "molybdenumsoftware",
        "repo": "htnl",
        "rev": "bd65fdffcb4c0bbcba39f5dcd0f4ce680e5f4153",
        "type": "github"
      },
      "original": {
        "owner": "molybdenumsoftware",
        "repo": "htnl",
        "type": "github"
      }
    },
    "nixpkgs": {
      "locked": {
        "lastModified": 1780336545,
        "narHash": "sha256-bWVU1JP9hCYZzQjMLdMzr/FINF+UvpZGvCJcnNY616k=",
        "rev": "4df1b885d76a54e1aa1a318f8d16fd6005b6401f",
        "type": "tarball",
        "url": "https://releases.nixos.org/nixpkgs/nixpkgs-26.11pre1008784.4df1b885d76a/nixexprs.tar.xz"
      },
      "original": {
        "type": "tarball",
        "url": "https://channels.nixos.org/nixpkgs-unstable/nixexprs.tar.xz"
      }
    },
    "root": {
      "inputs": {
        "htnl": "htnl",
        "nixpkgs": "nixpkgs"
      }
    }
  },
  "root": "root",
  "version": 7
}
